// !$*UTF8*$!
{
	archiveVersion = 1;
	classes = {
	};
	objectVersion = 55;
	objects = {

/* Begin PBXBuildFile section */
		4B56FCE727F8361500720319 /* HomeView.swift in Sources */ = {isa = PBXBuildFile; fileRef = 4B56FCE627F8361500720319 /* HomeView.swift */; };
		4B56FCE927F83A0700720319 /* Constants.swift in Sources */ = {isa = PBXBuildFile; fileRef = 4B56FCE827F83A0700720319 /* Constants.swift */; };
		4B56FCEB27F83D6C00720319 /* Weather.swift in Sources */ = {isa = PBXBuildFile; fileRef = 4B56FCEA27F83D6C00720319 /* Weather.swift */; };
		4B56FCED27F8412A00720319 /* WeatherManager.swift in Sources */ = {isa = PBXBuildFile; fileRef = 4B56FCEC27F8412A00720319 /* WeatherManager.swift */; };
		4B56FCEF27F84CDB00720319 /* WeatherModel.swift in Sources */ = {isa = PBXBuildFile; fileRef = 4B56FCEE27F84CDB00720319 /* WeatherModel.swift */; };
		4BD767B527F7F7D9008365BB /* CW2DummyProjectApp.swift in Sources */ = {isa = PBXBuildFile; fileRef = 4BD767B427F7F7D9008365BB /* CW2DummyProjectApp.swift */; };
		4BD767B727F7F7D9008365BB /* ContentView.swift in Sources */ = {isa = PBXBuildFile; fileRef = 4BD767B627F7F7D9008365BB /* ContentView.swift */; };
		4BD767B927F7F7DC008365BB /* Assets.xcassets in Resources */ = {isa = PBXBuildFile; fileRef = 4BD767B827F7F7DC008365BB /* Assets.xcassets */; };
		4BD767BC27F7F7DC008365BB /* Preview Assets.xcassets in Resources */ = {isa = PBXBuildFile; fileRef = 4BD767BB27F7F7DC008365BB /* Preview Assets.xcassets */; };
		4BD767C427F7F922008365BB /* DetailView.swift in Sources */ = {isa = PBXBuildFile; fileRef = 4BD767C327F7F922008365BB /* DetailView.swift */; };
/* End PBXBuildFile section */

/* Begin PBXFileReference section */
		4B56FCE627F8361500720319 /* HomeView.swift */ = {isa = PBXFileReference; lastKnownFileType = sourcecode.swift; path = HomeView.swift; sourceTree = "<group>"; };
		4B56FCE827F83A0700720319 /* Constants.swift */ = {isa = PBXFileReference; lastKnownFileType = sourcecode.swift; path = Constants.swift; sourceTree = "<group>"; };
		4B56FCEA27F83D6C00720319 /* Weather.swift */ = {isa = PBXFileReference; lastKnownFileType = sourcecode.swift; path = Weather.swift; sourceTree = "<group>"; };
		4B56FCEC27F8412A00720319 /* WeatherManager.swift */ = {isa = PBXFileReference; lastKnownFileType = sourcecode.swift; path = WeatherManager.swift; sourceTree = "<group>"; };
		4B56FCEE27F84CDB00720319 /* WeatherModel.swift */ = {isa = PBXFileReference; lastKnownFileType = sourcecode.swift; path = WeatherModel.swift; sourceTree = "<group>"; };
		4BD767B127F7F7D9008365BB /* CW2DummyProject.app */ = {isa = PBXFileReference; explicitFileType = wrapper.application; includeInIndex = 0; path = CW2DummyProject.app; sourceTree = BUILT_PRODUCTS_DIR; };
		4BD767B427F7F7D9008365BB /* CW2DummyProjectApp.swift */ = {isa = PBXFileReference; lastKnownFileType = sourcecode.swift; path = CW2DummyProjectApp.swift; sourceTree = "<group>"; };
		4BD767B627F7F7D9008365BB /* ContentView.swift */ = {isa = PBXFileReference; lastKnownFileType = sourcecode.swift; path = ContentView.swift; sourceTree = "<group>"; };
		4BD767B827F7F7DC008365BB /* Assets.xcassets */ = {isa = PBXFileReference; lastKnownFileType = folder.assetcatalog; path = Assets.xcassets; sourceTree = "<group>"; };
		4BD767BB27F7F7DC008365BB /* Preview Assets.xcassets */ = {isa = PBXFileReference; lastKnownFileType = folder.assetcatalog; path = "Preview Assets.xcassets"; sourceTree = "<group>"; };
		4BD767C327F7F922008365BB /* DetailView.swift */ = {isa = PBXFileReference; lastKnownFileType = sourcecode.swift; path = DetailView.swift; sourceTree = "<group>"; };
/* End PBXFileReference section */

/* Begin PBXFrameworksBuildPhase section */
		4BD767AE27F7F7D9008365BB /* Frameworks */ = {
			isa = PBXFrameworksBuildPhase;
			buildActionMask = 2147483647;
			files = (
			);
			runOnlyForDeploymentPostprocessing = 0;
		};
/* End PBXFrameworksBuildPhase section */

/* Begin PBXGroup section */
		4BD767A827F7F7D9008365BB = {
			isa = PBXGroup;
			children = (
				4BD767B327F7F7D9008365BB /* CW2DummyProject */,
				4BD767B227F7F7D9008365BB /* Products */,
			);
			sourceTree = "<group>";
		};
		4BD767B227F7F7D9008365BB /* Products */ = {
			isa = PBXGroup;
			children = (
				4BD767B127F7F7D9008365BB /* CW2DummyProject.app */,
			);
			name = Products;
			sourceTree = "<group>";
		};
		4BD767B327F7F7D9008365BB /* CW2DummyProject */ = {
			isa = PBXGroup;
			children = (
				4BD767B427F7F7D9008365BB /* CW2DummyProjectApp.swift */,
				4BD767B627F7F7D9008365BB /* ContentView.swift */,
				4BD767C227F7F7F6008365BB /* Pages */,
				4BD767B827F7F7DC008365BB /* Assets.xcassets */,
				4BD767BA27F7F7DC008365BB /* Preview Content */,
				4B56FCE827F83A0700720319 /* Constants.swift */,
				4B56FCEA27F83D6C00720319 /* Weather.swift */,
				4B56FCEE27F84CDB00720319 /* WeatherModel.swift */,
				4B56FCEC27F8412A00720319 /* WeatherManager.swift */,
			);
			path = CW2DummyProject;
			sourceTree = "<group>";
		};
		4BD767BA27F7F7DC008365BB /* Preview Content */ = {
			isa = PBXGroup;
			children = (
				4BD767BB27F7F7DC008365BB /* Preview Assets.xcassets */,
			);
			path = "Preview Content";
			sourceTree = "<group>";
		};
		4BD767C227F7F7F6008365BB /* Pages */ = {
			isa = PBXGroup;
			children = (
				4BD767C327F7F922008365BB /* DetailView.swift */,
				4B56FCE627F8361500720319 /* HomeView.swift */,
			);
			path = Pages;
			sourceTree = "<group>";
		};
/* End PBXGroup section */

/* Begin PBXNativeTarget section */
		4BD767B027F7F7D9008365BB /* CW2DummyProject */ = {
			isa = PBXNativeTarget;
			buildConfigurationList = 4BD767BF27F7F7DC008365BB /* Build configuration list for PBXNativeTarget "CW2DummyProject" */;
			buildPhases = (
				4BD767AD27F7F7D9008365BB /* Sources */,
				4BD767AE27F7F7D9008365BB /* Frameworks */,
				4BD767AF27F7F7D9008365BB /* Resources */,
			);
			buildRules = (
			);
			dependencies = (
			);
			name = CW2DummyProject;
			productName = CW2DummyProject;
			productReference = 4BD767B127F7F7D9008365BB /* CW2DummyProject.app */;
			productType = "com.apple.product-type.application";
		};
/* End PBXNativeTarget section */

/* Begin PBXProject section */
		4BD767A927F7F7D9008365BB /* Project object */ = {
			isa = PBXProject;
			attributes = {
				BuildIndependentTargetsInParallel = 1;
				LastSwiftUpdateCheck = 1320;
				LastUpgradeCheck = 1320;
				TargetAttributes = {
					4BD767B027F7F7D9008365BB = {
						CreatedOnToolsVersion = 13.2.1;
					};
				};
			};
			buildConfigurationList = 4BD767AC27F7F7D9008365BB /* Build configuration list for PBXProject "CW2DummyProject" */;
			compatibilityVersion = "Xcode 13.0";
			developmentRegion = en;
			hasScannedForEncodings = 0;
			knownRegions = (
				en,
				Base,
			);
			mainGroup = 4BD767A827F7F7D9008365BB;
			productRefGroup = 4BD767B227F7F7D9008365BB /* Products */;
			projectDirPath = "";
			projectRoot = "";
			targets = (
				4BD767B027F7F7D9008365BB /* CW2DummyProject */,
			);
		};
/* End PBXProject section */

/* Begin PBXResourcesBuildPhase section */
		4BD767AF27F7F7D9008365BB /* Resources */ = {
			isa = PBXResourcesBuildPhase;
			buildActionMask = 2147483647;
			files = (
				4BD767BC27F7F7DC008365BB /* Preview Assets.xcassets in Resources */,
				4BD767B927F7F7DC008365BB /* Assets.xcassets in Resources */,
			);
			runOnlyForDeploymentPostprocessing = 0;
		};
/* End PBXResourcesBuildPhase section */

/* Begin PBXSourcesBuildPhase section */
		4BD767AD27F7F7D9008365BB /* Sources */ = {
			isa = PBXSourcesBuildPhase;
			buildActionMask = 2147483647;
			files = (
				4B56FCE927F83A0700720319 /* Constants.swift in Sources */,
				4BD767B727F7F7D9008365BB /* ContentView.swift in Sources */,
				4B56FCE727F8361500720319 /* HomeView.swift in Sources */,
				4B56FCED27F8412A00720319 /* WeatherManager.swift in Sources */,
				4BD767C427F7F922008365BB /* DetailView.swift in Sources */,
				4B56FCEB27F83D6C00720319 /* Weather.swift in Sources */,
				4B56FCEF27F84CDB00720319 /* WeatherModel.swift in Sources */,
				4BD767B527F7F7D9008365BB /* CW2DummyProjectApp.swift in Sources */,
			);
			runOnlyForDeploymentPostprocessing = 0;
		};
/* End PBXSourcesBuildPhase section */

/* Begin XCBuildConfiguration section */
		4BD767BD27F7F7DC008365BB /* Debug */ = {
			isa = XCBuildConfiguration;
			buildSettings = {
				ALWAYS_SEARCH_USER_PATHS = NO;
				CLANG_ANALYZER_NONNULL = YES;
				CLANG_ANALYZER_NUMBER_OBJECT_CONVERSION = YES_AGGRESSIVE;
				CLANG_CXX_LANGUAGE_STANDARD = "gnu++17";
				CLANG_CXX_LIBRARY = "libc++";
				CLANG_ENABLE_MODULES = YES;
				CLANG_ENABLE_OBJC_ARC = YES;
				CLANG_ENABLE_OBJC_WEAK = YES;
				CLANG_WARN_BLOCK_CAPTURE_AUTORELEASING = YES;
				CLANG_WARN_BOOL_CONVERSION = YES;
				CLANG_WARN_COMMA = YES;
				CLANG_WARN_CONSTANT_CONVERSION = YES;
				CLANG_WARN_DEPRECATED_OBJC_IMPLEMENTATIONS = YES;
				CLANG_WARN_DIRECT_OBJC_ISA_USAGE = YES_ERROR;
				CLANG_WARN_DOCUMENTATION_COMMENTS = YES;
				CLANG_WARN_EMPTY_BODY = YES;
				CLANG_WARN_ENUM_CONVERSION = YES;
				CLANG_WARN_INFINITE_RECURSION = YES;
				CLANG_WARN_INT_CONVERSION = YES;
				CLANG_WARN_NON_LITERAL_NULL_CONVERSION = YES;
				CLANG_WARN_OBJC_IMPLICIT_RETAIN_SELF = YES;
				CLANG_WARN_OBJC_LITERAL_CONVERSION = YES;
				CLANG_WARN_OBJC_ROOT_CLASS = YES_ERROR;
				CLANG_WARN_QUOTED_INCLUDE_IN_FRAMEWORK_HEADER = YES;
				CLANG_WARN_RANGE_LOOP_ANALYSIS = YES;
				CLANG_WARN_STRICT_PROTOTYPES = YES;
				CLANG_WARN_SUSPICIOUS_MOVE = YES;
				CLANG_WARN_UNGUARDED_AVAILABILITY = YES_AGGRESSIVE;
				CLANG_WARN_UNREACHABLE_CODE = YES;
				CLANG_WARN__DUPLICATE_METHOD_MATCH = YES;
				COPY_PHASE_STRIP = NO;
				DEBUG_INFORMATION_FORMAT = dwarf;
				ENABLE_STRICT_OBJC_MSGSEND = YES;
				ENABLE_TESTABILITY = YES;
				GCC_C_LANGUAGE_STANDARD = gnu11;
				GCC_DYNAMIC_NO_PIC = NO;
				GCC_NO_COMMON_BLOCKS = YES;
				GCC_OPTIMIZATION_LEVEL = 0;
				GCC_PREPROCESSOR_DEFINITIONS = (
					"DEBUG=1",
					"$(inherited)",
				);
				GCC_WARN_64_TO_32_BIT_CONVERSION = YES;
				GCC_WARN_ABOUT_RETURN_TYPE = YES_ERROR;
				GCC_WARN_UNDECLARED_SELECTOR = YES;
				GCC_WARN_UNINITIALIZED_AUTOS = YES_AGGRESSIVE;
				GCC_WARN_UNUSED_FUNCTION = YES;
				GCC_WARN_UNUSED_VARIABLE = YES;
				IPHONEOS_DEPLOYMENT_TARGET = 15.2;
				MTL_ENABLE_DEBUG_INFO = INCLUDE_SOURCE;
				MTL_FAST_MATH = YES;
				ONLY_ACTIVE_ARCH = YES;
				SDKROOT = iphoneos;
				SWIFT_ACTIVE_COMPILATION_CONDITIONS = DEBUG;
				SWIFT_OPTIMIZATION_LEVEL = "-Onone";
			};
			name = Debug;
		};
		4BD767BE27F7F7DC008365BB /* Release */ = {
			isa = XCBuildConfiguration;
			buildSettings = {
				ALWAYS_SEARCH_USER_PATHS = NO;
				CLANG_ANALYZER_NONNULL = YES;
				CLANG_ANALYZER_NUMBER_OBJECT_CONVERSION = YES_AGGRESSIVE;
				CLANG_CXX_LANGUAGE_STANDARD = "gnu++17";
				CLANG_CXX_LIBRARY = "libc++";
				CLANG_ENABLE_MODULES = YES;
				CLANG_ENABLE_OBJC_ARC = YES;
				CLANG_ENABLE_OBJC_WEAK = YES;
				CLANG_WARN_BLOCK_CAPTURE_AUTORELEASING = YES;
				CLANG_WARN_BOOL_CONVERSION = YES;
				CLANG_WARN_COMMA = YES;
				CLANG_WARN_CONSTANT_CONVERSION = YES;
				CLANG_WARN_DEPRECATED_OBJC_IMPLEMENTATIONS = YES;
				CLANG_WARN_DIRECT_OBJC_ISA_USAGE = YES_ERROR;
				CLANG_WARN_DOCUMENTATION_COMMENTS = YES;
				CLANG_WARN_EMPTY_BODY = YES;
				CLANG_WARN_ENUM_CONVERSION = YES;
				CLANG_WARN_INFINITE_RECURSION = YES;
				CLANG_WARN_INT_CONVERSION = YES;
				CLANG_WARN_NON_LITERAL_NULL_CONVERSION = YES;
				CLANG_WARN_OBJC_IMPLICIT_RETAIN_SELF = YES;
				CLANG_WARN_OBJC_LITERAL_CONVERSION = YES;
				CLANG_WARN_OBJC_ROOT_CLASS = YES_ERROR;
				CLANG_WARN_QUOTED_INCLUDE_IN_FRAMEWORK_HEADER = YES;
				CLANG_WARN_RANGE_LOOP_ANALYSIS = YES;
				CLANG_WARN_STRICT_PROTOTYPES = YES;
				CLANG_WARN_SUSPICIOUS_MOVE = YES;
				CLANG_WARN_UNGUARDED_AVAILABILITY = YES_AGGRESSIVE;
				CLANG_WARN_UNREACHABLE_CODE = YES;
				CLANG_WARN__DUPLICATE_METHOD_MATCH = YES;
				COPY_PHASE_STRIP = NO;
				DEBUG_INFORMATION_FORMAT = "dwarf-with-dsym";
				ENABLE_NS_ASSERTIONS = NO;
				ENABLE_STRICT_OBJC_MSGSEND = YES;
				GCC_C_LANGUAGE_STANDARD = gnu11;
				GCC_NO_COMMON_BLOCKS = YES;
				GCC_WARN_64_TO_32_BIT_CONVERSION = YES;
				GCC_WARN_ABOUT_RETURN_TYPE = YES_ERROR;
				GCC_WARN_UNDECLARED_SELECTOR = YES;
				GCC_WARN_UNINITIALIZED_AUTOS = YES_AGGRESSIVE;
				GCC_WARN_UNUSED_FUNCTION = YES;
				GCC_WARN_UNUSED_VARIABLE = YES;
				IPHONEOS_DEPLOYMENT_TARGET = 15.2;
				MTL_ENABLE_DEBUG_INFO = NO;
				MTL_FAST_MATH = YES;
				SDKROOT = iphoneos;
				SWIFT_COMPILATION_MODE = wholemodule;
				SWIFT_OPTIMIZATION_LEVEL = "-O";
				VALIDATE_PRODUCT = YES;
			};
			name = Release;
		};
		4BD767C027F7F7DC008365BB /* Debug */ = {
			isa = XCBuildConfiguration;
			buildSettings = {
				ASSETCATALOG_COMPILER_APPICON_NAME = AppIcon;
				ASSETCATALOG_COMPILER_GLOBAL_ACCENT_COLOR_NAME = AccentColor;
				CODE_SIGN_STYLE = Automatic;
				CURRENT_PROJECT_VERSION = 1;
				DEVELOPMENT_ASSET_PATHS = "\"CW2DummyProject/Preview Content\"";
				ENABLE_PREVIEWS = YES;
				GENERATE_INFOPLIST_FILE = YES;
				INFOPLIST_KEY_NSLocationAlwaysAndWhenInUseUsageDescription = "";
				INFOPLIST_KEY_NSLocationAlwaysUsageDescription = "";
				INFOPLIST_KEY_NSLocationWhenInUseUsageDescription = "";
				INFOPLIST_KEY_UIApplicationSceneManifest_Generation = YES;
				INFOPLIST_KEY_UIApplicationSupportsIndirectInputEvents = YES;
				INFOPLIST_KEY_UILaunchScreen_Generation = YES;
				INFOPLIST_KEY_UISupportedInterfaceOrientations_iPad = "UIInterfaceOrientationPortrait UIInterfaceOrientationPortraitUpsideDown UIInterfaceOrientationLandscapeLeft UIInterfaceOrientationLandscapeRight";
				INFOPLIST_KEY_UISupportedInterfaceOrientations_iPhone = "UIInterfaceOrientationPortrait UIInterfaceOrientationLandscapeLeft UIInterfaceOrientationLandscapeRight";
				LD_RUNPATH_SEARCH_PATHS = (
					"$(inherited)",
					"@executable_path/Frameworks",
				);
				MARKETING_VERSION = 1.0;
				PRODUCT_BUNDLE_IDENTIFIER = com.visal.lk.CW2DummyProject;
				PRODUCT_NAME = "$(TARGET_NAME)";
				SWIFT_EMIT_LOC_STRINGS = YES;
				SWIFT_VERSION = 5.0;
				TARGETED_DEVICE_FAMILY = "1,2";
			};
			name = Debug;
		};
		4BD767C127F7F7DC008365BB /* Release */ = {
			isa = XCBuildConfiguration;
			buildSettings = {
				ASSETCATALOG_COMPILER_APPICON_NAME = AppIcon;
				ASSETCATALOG_COMPILER_GLOBAL_ACCENT_COLOR_NAME = AccentColor;
				CODE_SIGN_STYLE = Automatic;
				CURRENT_PROJECT_VERSION = 1;
				DEVELOPMENT_ASSET_PATHS = "\"CW2DummyProject/Preview Content\"";
				ENABLE_PREVIEWS = YES;
				GENERATE_INFOPLIST_FILE = YES;
				INFOPLIST_KEY_NSLocationAlwaysAndWhenInUseUsageDescription = "";
				INFOPLIST_KEY_NSLocationAlwaysUsageDescription = "";
				INFOPLIST_KEY_NSLocationWhenInUseUsageDescription = "";
				INFOPLIST_KEY_UIApplicationSceneManifest_Generation = YES;
				INFOPLIST_KEY_UIApplicationSupportsIndirectInputEvents = YES;
				INFOPLIST_KEY_UILaunchScreen_Generation = YES;
				INFOPLIST_KEY_UISupportedInterfaceOrientations_iPad = "UIInterfaceOrientationPortrait UIInterfaceOrientationPortraitUpsideDown UIInterfaceOrientationLandscapeLeft UIInterfaceOrientationLandscapeRight";
				INFOPLIST_KEY_UISupportedInterfaceOrientations_iPhone = "UIInterfaceOrientationPortrait UIInterfaceOrientationLandscapeLeft UIInterfaceOrientationLandscapeRight";
				LD_RUNPATH_SEARCH_PATHS = (
					"$(inherited)",
					"@executable_path/Frameworks",
				);
				MARKETING_VERSION = 1.0;
				PRODUCT_BUNDLE_IDENTIFIER = com.visal.lk.CW2DummyProject;
				PRODUCT_NAME = "$(TARGET_NAME)";
				SWIFT_EMIT_LOC_STRINGS = YES;
				SWIFT_VERSION = 5.0;
				TARGETED_DEVICE_FAMILY = "1,2";
			};
			name = Release;
		};
/* End XCBuildConfiguration section */

/* Begin XCConfigurationList section */
		4BD767AC27F7F7D9008365BB /* Build configuration list for PBXProject "CW2DummyProject" */ = {
			isa = XCConfigurationList;
			buildConfigurations = (
				4BD767BD27F7F7DC008365BB /* Debug */,
				4BD767BE27F7F7DC008365BB /* Release */,
			);
			defaultConfigurationIsVisible = 0;
			defaultConfigurationName = Release;
		};
		4BD767BF27F7F7DC008365BB /* Build configuration list for PBXNativeTarget "CW2DummyProject" */ = {
			isa = XCConfigurationList;
			buildConfigurations = (
				4BD767C027F7F7DC008365BB /* Debug */,
				4BD767C127F7F7DC008365BB /* Release */,
			);
			defaultConfigurationIsVisible = 0;
			defaultConfigurationName = Release;
		};
/* End XCConfigurationList section */
	};
	rootObject = 4BD767A927F7F7D9008365BB /* Project object */;
}
