// !$*UTF8*$!
{
	archiveVersion = 1;
	classes = {
	};
	objectVersion = 55;
	objects = {

/* Begin PBXBuildFile section */
		4B7DB7E327B42A57003B5C95 /* AppDelegate.swift in Sources */ = {isa = PBXBuildFile; fileRef = 4B7DB7E227B42A57003B5C95 /* AppDelegate.swift */; };
		4B7DB7E527B42A57003B5C95 /* SceneDelegate.swift in Sources */ = {isa = PBXBuildFile; fileRef = 4B7DB7E427B42A57003B5C95 /* SceneDelegate.swift */; };
		4B7DB7E727B42A57003B5C95 /* ViewController.swift in Sources */ = {isa = PBXBuildFile; fileRef = 4B7DB7E627B42A57003B5C95 /* ViewController.swift */; };
		4B7DB7EA27B42A57003B5C95 /* Main.storyboard in Resources */ = {isa = PBXBuildFile; fileRef = 4B7DB7E827B42A57003B5C95 /* Main.storyboard */; };
		4B7DB7EC27B42A59003B5C95 /* Assets.xcassets in Resources */ = {isa = PBXBuildFile; fileRef = 4B7DB7EB27B42A59003B5C95 /* Assets.xcassets */; };
		4B7DB7EF27B42A59003B5C95 /* LaunchScreen.storyboard in Resources */ = {isa = PBXBuildFile; fileRef = 4B7DB7ED27B42A59003B5C95 /* LaunchScreen.storyboard */; };
		4B7DB7FA27B42A5A003B5C95 /* CustomKeyboardMockTests.swift in Sources */ = {isa = PBXBuildFile; fileRef = 4B7DB7F927B42A5A003B5C95 /* CustomKeyboardMockTests.swift */; };
		4B7DB80427B42A5A003B5C95 /* CustomKeyboardMockUITests.swift in Sources */ = {isa = PBXBuildFile; fileRef = 4B7DB80327B42A5A003B5C95 /* CustomKeyboardMockUITests.swift */; };
		4B7DB80627B42A5A003B5C95 /* CustomKeyboardMockUITestsLaunchTests.swift in Sources */ = {isa = PBXBuildFile; fileRef = 4B7DB80527B42A5A003B5C95 /* CustomKeyboardMockUITestsLaunchTests.swift */; };
/* End PBXBuildFile section */

/* Begin PBXContainerItemProxy section */
		4B7DB7F627B42A5A003B5C95 /* PBXContainerItemProxy */ = {
			isa = PBXContainerItemProxy;
			containerPortal = 4B7DB7D727B42A57003B5C95 /* Project object */;
			proxyType = 1;
			remoteGlobalIDString = 4B7DB7DE27B42A57003B5C95;
			remoteInfo = CustomKeyboardMock;
		};
		4B7DB80027B42A5A003B5C95 /* PBXContainerItemProxy */ = {
			isa = PBXContainerItemProxy;
			containerPortal = 4B7DB7D727B42A57003B5C95 /* Project object */;
			proxyType = 1;
			remoteGlobalIDString = 4B7DB7DE27B42A57003B5C95;
			remoteInfo = CustomKeyboardMock;
		};
/* End PBXContainerItemProxy section */

/* Begin PBXFileReference section */
		4B7DB7DF27B42A57003B5C95 /* CustomKeyboardMock.app */ = {isa = PBXFileReference; explicitFileType = wrapper.application; includeInIndex = 0; path = CustomKeyboardMock.app; sourceTree = BUILT_PRODUCTS_DIR; };
		4B7DB7E227B42A57003B5C95 /* AppDelegate.swift */ = {isa = PBXFileReference; lastKnownFileType = sourcecode.swift; path = AppDelegate.swift; sourceTree = "<group>"; };
		4B7DB7E427B42A57003B5C95 /* SceneDelegate.swift */ = {isa = PBXFileReference; lastKnownFileType = sourcecode.swift; path = SceneDelegate.swift; sourceTree = "<group>"; };
		4B7DB7E627B42A57003B5C95 /* ViewController.swift */ = {isa = PBXFileReference; lastKnownFileType = sourcecode.swift; path = ViewController.swift; sourceTree = "<group>"; };
		4B7DB7E927B42A57003B5C95 /* Base */ = {isa = PBXFileReference; lastKnownFileType = file.storyboard; name = Base; path = Base.lproj/Main.storyboard; sourceTree = "<group>"; };
		4B7DB7EB27B42A59003B5C95 /* Assets.xcassets */ = {isa = PBXFileReference; lastKnownFileType = folder.assetcatalog; path = Assets.xcassets; sourceTree = "<group>"; };
		4B7DB7EE27B42A59003B5C95 /* Base */ = {isa = PBXFileReference; lastKnownFileType = file.storyboard; name = Base; path = Base.lproj/LaunchScreen.storyboard; sourceTree = "<group>"; };
		4B7DB7F027B42A59003B5C95 /* Info.plist */ = {isa = PBXFileReference; lastKnownFileType = text.plist.xml; path = Info.plist; sourceTree = "<group>"; };
		4B7DB7F527B42A5A003B5C95 /* CustomKeyboardMockTests.xctest */ = {isa = PBXFileReference; explicitFileType = wrapper.cfbundle; includeInIndex = 0; path = CustomKeyboardMockTests.xctest; sourceTree = BUILT_PRODUCTS_DIR; };
		4B7DB7F927B42A5A003B5C95 /* CustomKeyboardMockTests.swift */ = {isa = PBXFileReference; lastKnownFileType = sourcecode.swift; path = CustomKeyboardMockTests.swift; sourceTree = "<group>"; };
		4B7DB7FF27B42A5A003B5C95 /* CustomKeyboardMockUITests.xctest */ = {isa = PBXFileReference; explicitFileType = wrapper.cfbundle; includeInIndex = 0; path = CustomKeyboardMockUITests.xctest; sourceTree = BUILT_PRODUCTS_DIR; };
		4B7DB80327B42A5A003B5C95 /* CustomKeyboardMockUITests.swift */ = {isa = PBXFileReference; lastKnownFileType = sourcecode.swift; path = CustomKeyboardMockUITests.swift; sourceTree = "<group>"; };
		4B7DB80527B42A5A003B5C95 /* CustomKeyboardMockUITestsLaunchTests.swift */ = {isa = PBXFileReference; lastKnownFileType = sourcecode.swift; path = CustomKeyboardMockUITestsLaunchTests.swift; sourceTree = "<group>"; };
/* End PBXFileReference section */

/* Begin PBXFrameworksBuildPhase section */
		4B7DB7DC27B42A57003B5C95 /* Frameworks */ = {
			isa = PBXFrameworksBuildPhase;
			buildActionMask = 2147483647;
			files = (
			);
			runOnlyForDeploymentPostprocessing = 0;
		};
		4B7DB7F227B42A5A003B5C95 /* Frameworks */ = {
			isa = PBXFrameworksBuildPhase;
			buildActionMask = 2147483647;
			files = (
			);
			runOnlyForDeploymentPostprocessing = 0;
		};
		4B7DB7FC27B42A5A003B5C95 /* Frameworks */ = {
			isa = PBXFrameworksBuildPhase;
			buildActionMask = 2147483647;
			files = (
			);
			runOnlyForDeploymentPostprocessing = 0;
		};
/* End PBXFrameworksBuildPhase section */

/* Begin PBXGroup section */
		4B7DB7D627B42A57003B5C95 = {
			isa = PBXGroup;
			children = (
				4B7DB7E127B42A57003B5C95 /* CustomKeyboardMock */,
				4B7DB7F827B42A5A003B5C95 /* CustomKeyboardMockTests */,
				4B7DB80227B42A5A003B5C95 /* CustomKeyboardMockUITests */,
				4B7DB7E027B42A57003B5C95 /* Products */,
			);
			sourceTree = "<group>";
		};
		4B7DB7E027B42A57003B5C95 /* Products */ = {
			isa = PBXGroup;
			children = (
				4B7DB7DF27B42A57003B5C95 /* CustomKeyboardMock.app */,
				4B7DB7F527B42A5A003B5C95 /* CustomKeyboardMockTests.xctest */,
				4B7DB7FF27B42A5A003B5C95 /* CustomKeyboardMockUITests.xctest */,
			);
			name = Products;
			sourceTree = "<group>";
		};
		4B7DB7E127B42A57003B5C95 /* CustomKeyboardMock */ = {
			isa = PBXGroup;
			children = (
				4B7DB7E227B42A57003B5C95 /* AppDelegate.swift */,
				4B7DB7E427B42A57003B5C95 /* SceneDelegate.swift */,
				4B7DB7E627B42A57003B5C95 /* ViewController.swift */,
				4B7DB7E827B42A57003B5C95 /* Main.storyboard */,
				4B7DB7EB27B42A59003B5C95 /* Assets.xcassets */,
				4B7DB7ED27B42A59003B5C95 /* LaunchScreen.storyboard */,
				4B7DB7F027B42A59003B5C95 /* Info.plist */,
			);
			path = CustomKeyboardMock;
			sourceTree = "<group>";
		};
		4B7DB7F827B42A5A003B5C95 /* CustomKeyboardMockTests */ = {
			isa = PBXGroup;
			children = (
				4B7DB7F927B42A5A003B5C95 /* CustomKeyboardMockTests.swift */,
			);
			path = CustomKeyboardMockTests;
			sourceTree = "<group>";
		};
		4B7DB80227B42A5A003B5C95 /* CustomKeyboardMockUITests */ = {
			isa = PBXGroup;
			children = (
				4B7DB80327B42A5A003B5C95 /* CustomKeyboardMockUITests.swift */,
				4B7DB80527B42A5A003B5C95 /* CustomKeyboardMockUITestsLaunchTests.swift */,
			);
			path = CustomKeyboardMockUITests;
			sourceTree = "<group>";
		};
/* End PBXGroup section */

/* Begin PBXNativeTarget section */
		4B7DB7DE27B42A57003B5C95 /* CustomKeyboardMock */ = {
			isa = PBXNativeTarget;
			buildConfigurationList = 4B7DB80927B42A5A003B5C95 /* Build configuration list for PBXNativeTarget "CustomKeyboardMock" */;
			buildPhases = (
				4B7DB7DB27B42A57003B5C95 /* Sources */,
				4B7DB7DC27B42A57003B5C95 /* Frameworks */,
				4B7DB7DD27B42A57003B5C95 /* Resources */,
			);
			buildRules = (
			);
			dependencies = (
			);
			name = CustomKeyboardMock;
			productName = CustomKeyboardMock;
			productReference = 4B7DB7DF27B42A57003B5C95 /* CustomKeyboardMock.app */;
			productType = "com.apple.product-type.application";
		};
		4B7DB7F427B42A5A003B5C95 /* CustomKeyboardMockTests */ = {
			isa = PBXNativeTarget;
			buildConfigurationList = 4B7DB80C27B42A5A003B5C95 /* Build configuration list for PBXNativeTarget "CustomKeyboardMockTests" */;
			buildPhases = (
				4B7DB7F127B42A5A003B5C95 /* Sources */,
				4B7DB7F227B42A5A003B5C95 /* Frameworks */,
				4B7DB7F327B42A5A003B5C95 /* Resources */,
			);
			buildRules = (
			);
			dependencies = (
				4B7DB7F727B42A5A003B5C95 /* PBXTargetDependency */,
			);
			name = CustomKeyboardMockTests;
			productName = CustomKeyboardMockTests;
			productReference = 4B7DB7F527B42A5A003B5C95 /* CustomKeyboardMockTests.xctest */;
			productType = "com.apple.product-type.bundle.unit-test";
		};
		4B7DB7FE27B42A5A003B5C95 /* CustomKeyboardMockUITests */ = {
			isa = PBXNativeTarget;
			buildConfigurationList = 4B7DB80F27B42A5A003B5C95 /* Build configuration list for PBXNativeTarget "CustomKeyboardMockUITests" */;
			buildPhases = (
				4B7DB7FB27B42A5A003B5C95 /* Sources */,
				4B7DB7FC27B42A5A003B5C95 /* Frameworks */,
				4B7DB7FD27B42A5A003B5C95 /* Resources */,
			);
			buildRules = (
			);
			dependencies = (
				4B7DB80127B42A5A003B5C95 /* PBXTargetDependency */,
			);
			name = CustomKeyboardMockUITests;
			productName = CustomKeyboardMockUITests;
			productReference = 4B7DB7FF27B42A5A003B5C95 /* CustomKeyboardMockUITests.xctest */;
			productType = "com.apple.product-type.bundle.ui-testing";
		};
/* End PBXNativeTarget section */

/* Begin PBXProject section */
		4B7DB7D727B42A57003B5C95 /* Project object */ = {
			isa = PBXProject;
			attributes = {
				BuildIndependentTargetsInParallel = 1;
				LastSwiftUpdateCheck = 1300;
				LastUpgradeCheck = 1300;
				TargetAttributes = {
					4B7DB7DE27B42A57003B5C95 = {
						CreatedOnToolsVersion = 13.0;
					};
					4B7DB7F427B42A5A003B5C95 = {
						CreatedOnToolsVersion = 13.0;
						TestTargetID = 4B7DB7DE27B42A57003B5C95;
					};
					4B7DB7FE27B42A5A003B5C95 = {
						CreatedOnToolsVersion = 13.0;
						TestTargetID = 4B7DB7DE27B42A57003B5C95;
					};
				};
			};
			buildConfigurationList = 4B7DB7DA27B42A57003B5C95 /* Build configuration list for PBXProject "CustomKeyboardMock" */;
			compatibilityVersion = "Xcode 13.0";
			developmentRegion = en;
			hasScannedForEncodings = 0;
			knownRegions = (
				en,
				Base,
			);
			mainGroup = 4B7DB7D627B42A57003B5C95;
			productRefGroup = 4B7DB7E027B42A57003B5C95 /* Products */;
			projectDirPath = "";
			projectRoot = "";
			targets = (
				4B7DB7DE27B42A57003B5C95 /* CustomKeyboardMock */,
				4B7DB7F427B42A5A003B5C95 /* CustomKeyboardMockTests */,
				4B7DB7FE27B42A5A003B5C95 /* CustomKeyboardMockUITests */,
			);
		};
/* End PBXProject section */

/* Begin PBXResourcesBuildPhase section */
		4B7DB7DD27B42A57003B5C95 /* Resources */ = {
			isa = PBXResourcesBuildPhase;
			buildActionMask = 2147483647;
			files = (
				4B7DB7EF27B42A59003B5C95 /* LaunchScreen.storyboard in Resources */,
				4B7DB7EC27B42A59003B5C95 /* Assets.xcassets in Resources */,
				4B7DB7EA27B42A57003B5C95 /* Main.storyboard in Resources */,
			);
			runOnlyForDeploymentPostprocessing = 0;
		};
		4B7DB7F327B42A5A003B5C95 /* Resources */ = {
			isa = PBXResourcesBuildPhase;
			buildActionMask = 2147483647;
			files = (
			);
			runOnlyForDeploymentPostprocessing = 0;
		};
		4B7DB7FD27B42A5A003B5C95 /* Resources */ = {
			isa = PBXResourcesBuildPhase;
			buildActionMask = 2147483647;
			files = (
			);
			runOnlyForDeploymentPostprocessing = 0;
		};
/* End PBXResourcesBuildPhase section */

/* Begin PBXSourcesBuildPhase section */
		4B7DB7DB27B42A57003B5C95 /* Sources */ = {
			isa = PBXSourcesBuildPhase;
			buildActionMask = 2147483647;
			files = (
				4B7DB7E727B42A57003B5C95 /* ViewController.swift in Sources */,
				4B7DB7E327B42A57003B5C95 /* AppDelegate.swift in Sources */,
				4B7DB7E527B42A57003B5C95 /* SceneDelegate.swift in Sources */,
			);
			runOnlyForDeploymentPostprocessing = 0;
		};
		4B7DB7F127B42A5A003B5C95 /* Sources */ = {
			isa = PBXSourcesBuildPhase;
			buildActionMask = 2147483647;
			files = (
				4B7DB7FA27B42A5A003B5C95 /* CustomKeyboardMockTests.swift in Sources */,
			);
			runOnlyForDeploymentPostprocessing = 0;
		};
		4B7DB7FB27B42A5A003B5C95 /* Sources */ = {
			isa = PBXSourcesBuildPhase;
			buildActionMask = 2147483647;
			files = (
				4B7DB80627B42A5A003B5C95 /* CustomKeyboardMockUITestsLaunchTests.swift in Sources */,
				4B7DB80427B42A5A003B5C95 /* CustomKeyboardMockUITests.swift in Sources */,
			);
			runOnlyForDeploymentPostprocessing = 0;
		};
/* End PBXSourcesBuildPhase section */

/* Begin PBXTargetDependency section */
		4B7DB7F727B42A5A003B5C95 /* PBXTargetDependency */ = {
			isa = PBXTargetDependency;
			target = 4B7DB7DE27B42A57003B5C95 /* CustomKeyboardMock */;
			targetProxy = 4B7DB7F627B42A5A003B5C95 /* PBXContainerItemProxy */;
		};
		4B7DB80127B42A5A003B5C95 /* PBXTargetDependency */ = {
			isa = PBXTargetDependency;
			target = 4B7DB7DE27B42A57003B5C95 /* CustomKeyboardMock */;
			targetProxy = 4B7DB80027B42A5A003B5C95 /* PBXContainerItemProxy */;
		};
/* End PBXTargetDependency section */

/* Begin PBXVariantGroup section */
		4B7DB7E827B42A57003B5C95 /* Main.storyboard */ = {
			isa = PBXVariantGroup;
			children = (
				4B7DB7E927B42A57003B5C95 /* Base */,
			);
			name = Main.storyboard;
			sourceTree = "<group>";
		};
		4B7DB7ED27B42A59003B5C95 /* LaunchScreen.storyboard */ = {
			isa = PBXVariantGroup;
			children = (
				4B7DB7EE27B42A59003B5C95 /* Base */,
			);
			name = LaunchScreen.storyboard;
			sourceTree = "<group>";
		};
/* End PBXVariantGroup section */

/* Begin XCBuildConfiguration section */
		4B7DB80727B42A5A003B5C95 /* Debug */ = {
			isa = XCBuildConfiguration;
			buildSettings = {
				ALWAYS_SEARCH_USER_PATHS = NO;
				CLANG_ANALYZER_NONNULL = YES;
				CLANG_ANALYZER_NUMBER_OBJECT_CONVERSION = YES_AGGRESSIVE;
				CLANG_CXX_LANGUAGE_STANDARD = "gnu++17";
				CLANG_CXX_LIBRARY = "libc++";
				CLANG_ENABLE_MODULES = YES;
				CLANG_ENABLE_OBJC_ARC = YES;
				CLANG_ENABLE_OBJC_WEAK = YES;
				CLANG_WARN_BLOCK_CAPTURE_AUTORELEASING = YES;
				CLANG_WARN_BOOL_CONVERSION = YES;
				CLANG_WARN_COMMA = YES;
				CLANG_WARN_CONSTANT_CONVERSION = YES;
				CLANG_WARN_DEPRECATED_OBJC_IMPLEMENTATIONS = YES;
				CLANG_WARN_DIRECT_OBJC_ISA_USAGE = YES_ERROR;
				CLANG_WARN_DOCUMENTATION_COMMENTS = YES;
				CLANG_WARN_EMPTY_BODY = YES;
				CLANG_WARN_ENUM_CONVERSION = YES;
				CLANG_WARN_INFINITE_RECURSION = YES;
				CLANG_WARN_INT_CONVERSION = YES;
				CLANG_WARN_NON_LITERAL_NULL_CONVERSION = YES;
				CLANG_WARN_OBJC_IMPLICIT_RETAIN_SELF = YES;
				CLANG_WARN_OBJC_LITERAL_CONVERSION = YES;
				CLANG_WARN_OBJC_ROOT_CLASS = YES_ERROR;
				CLANG_WARN_QUOTED_INCLUDE_IN_FRAMEWORK_HEADER = YES;
				CLANG_WARN_RANGE_LOOP_ANALYSIS = YES;
				CLANG_WARN_STRICT_PROTOTYPES = YES;
				CLANG_WARN_SUSPICIOUS_MOVE = YES;
				CLANG_WARN_UNGUARDED_AVAILABILITY = YES_AGGRESSIVE;
				CLANG_WARN_UNREACHABLE_CODE = YES;
				CLANG_WARN__DUPLICATE_METHOD_MATCH = YES;
				COPY_PHASE_STRIP = NO;
				DEBUG_INFORMATION_FORMAT = dwarf;
				ENABLE_STRICT_OBJC_MSGSEND = YES;
				ENABLE_TESTABILITY = YES;
				GCC_C_LANGUAGE_STANDARD = gnu11;
				GCC_DYNAMIC_NO_PIC = NO;
				GCC_NO_COMMON_BLOCKS = YES;
				GCC_OPTIMIZATION_LEVEL = 0;
				GCC_PREPROCESSOR_DEFINITIONS = (
					"DEBUG=1",
					"$(inherited)",
				);
				GCC_WARN_64_TO_32_BIT_CONVERSION = YES;
				GCC_WARN_ABOUT_RETURN_TYPE = YES_ERROR;
				GCC_WARN_UNDECLARED_SELECTOR = YES;
				GCC_WARN_UNINITIALIZED_AUTOS = YES_AGGRESSIVE;
				GCC_WARN_UNUSED_FUNCTION = YES;
				GCC_WARN_UNUSED_VARIABLE = YES;
				IPHONEOS_DEPLOYMENT_TARGET = 15.0;
				MTL_ENABLE_DEBUG_INFO = INCLUDE_SOURCE;
				MTL_FAST_MATH = YES;
				ONLY_ACTIVE_ARCH = YES;
				SDKROOT = iphoneos;
				SWIFT_ACTIVE_COMPILATION_CONDITIONS = DEBUG;
				SWIFT_OPTIMIZATION_LEVEL = "-Onone";
			};
			name = Debug;
		};
		4B7DB80827B42A5A003B5C95 /* Release */ = {
			isa = XCBuildConfiguration;
			buildSettings = {
				ALWAYS_SEARCH_USER_PATHS = NO;
				CLANG_ANALYZER_NONNULL = YES;
				CLANG_ANALYZER_NUMBER_OBJECT_CONVERSION = YES_AGGRESSIVE;
				CLANG_CXX_LANGUAGE_STANDARD = "gnu++17";
				CLANG_CXX_LIBRARY = "libc++";
				CLANG_ENABLE_MODULES = YES;
				CLANG_ENABLE_OBJC_ARC = YES;
				CLANG_ENABLE_OBJC_WEAK = YES;
				CLANG_WARN_BLOCK_CAPTURE_AUTORELEASING = YES;
				CLANG_WARN_BOOL_CONVERSION = YES;
				CLANG_WARN_COMMA = YES;
				CLANG_WARN_CONSTANT_CONVERSION = YES;
				CLANG_WARN_DEPRECATED_OBJC_IMPLEMENTATIONS = YES;
				CLANG_WARN_DIRECT_OBJC_ISA_USAGE = YES_ERROR;
				CLANG_WARN_DOCUMENTATION_COMMENTS = YES;
				CLANG_WARN_EMPTY_BODY = YES;
				CLANG_WARN_ENUM_CONVERSION = YES;
				CLANG_WARN_INFINITE_RECURSION = YES;
				CLANG_WARN_INT_CONVERSION = YES;
				CLANG_WARN_NON_LITERAL_NULL_CONVERSION = YES;
				CLANG_WARN_OBJC_IMPLICIT_RETAIN_SELF = YES;
				CLANG_WARN_OBJC_LITERAL_CONVERSION = YES;
				CLANG_WARN_OBJC_ROOT_CLASS = YES_ERROR;
				CLANG_WARN_QUOTED_INCLUDE_IN_FRAMEWORK_HEADER = YES;
				CLANG_WARN_RANGE_LOOP_ANALYSIS = YES;
				CLANG_WARN_STRICT_PROTOTYPES = YES;
				CLANG_WARN_SUSPICIOUS_MOVE = YES;
				CLANG_WARN_UNGUARDED_AVAILABILITY = YES_AGGRESSIVE;
				CLANG_WARN_UNREACHABLE_CODE = YES;
				CLANG_WARN__DUPLICATE_METHOD_MATCH = YES;
				COPY_PHASE_STRIP = NO;
				DEBUG_INFORMATION_FORMAT = "dwarf-with-dsym";
				ENABLE_NS_ASSERTIONS = NO;
				ENABLE_STRICT_OBJC_MSGSEND = YES;
				GCC_C_LANGUAGE_STANDARD = gnu11;
				GCC_NO_COMMON_BLOCKS = YES;
				GCC_WARN_64_TO_32_BIT_CONVERSION = YES;
				GCC_WARN_ABOUT_RETURN_TYPE = YES_ERROR;
				GCC_WARN_UNDECLARED_SELECTOR = YES;
				GCC_WARN_UNINITIALIZED_AUTOS = YES_AGGRESSIVE;
				GCC_WARN_UNUSED_FUNCTION = YES;
				GCC_WARN_UNUSED_VARIABLE = YES;
				IPHONEOS_DEPLOYMENT_TARGET = 15.0;
				MTL_ENABLE_DEBUG_INFO = NO;
				MTL_FAST_MATH = YES;
				SDKROOT = iphoneos;
				SWIFT_COMPILATION_MODE = wholemodule;
				SWIFT_OPTIMIZATION_LEVEL = "-O";
				VALIDATE_PRODUCT = YES;
			};
			name = Release;
		};
		4B7DB80A27B42A5A003B5C95 /* Debug */ = {
			isa = XCBuildConfiguration;
			buildSettings = {
				ASSETCATALOG_COMPILER_APPICON_NAME = AppIcon;
				ASSETCATALOG_COMPILER_GLOBAL_ACCENT_COLOR_NAME = AccentColor;
				CODE_SIGN_STYLE = Automatic;
				CURRENT_PROJECT_VERSION = 1;
				DEVELOPMENT_TEAM = FVZ5PWG6VV;
				GENERATE_INFOPLIST_FILE = YES;
				INFOPLIST_FILE = CustomKeyboardMock/Info.plist;
				INFOPLIST_KEY_UIApplicationSupportsIndirectInputEvents = YES;
				INFOPLIST_KEY_UILaunchStoryboardName = LaunchScreen;
				INFOPLIST_KEY_UIMainStoryboardFile = Main;
				INFOPLIST_KEY_UISupportedInterfaceOrientations_iPad = "UIInterfaceOrientationPortrait UIInterfaceOrientationPortraitUpsideDown UIInterfaceOrientationLandscapeLeft UIInterfaceOrientationLandscapeRight";
				INFOPLIST_KEY_UISupportedInterfaceOrientations_iPhone = "UIInterfaceOrientationPortrait UIInterfaceOrientationLandscapeLeft UIInterfaceOrientationLandscapeRight";
				LD_RUNPATH_SEARCH_PATHS = (
					"$(inherited)",
					"@executable_path/Frameworks",
				);
				MARKETING_VERSION = 1.0;
				PRODUCT_BUNDLE_IDENTIFIER = com.visal.lk.CustomKeyboardMock;
				PRODUCT_NAME = "$(TARGET_NAME)";
				SWIFT_EMIT_LOC_STRINGS = YES;
				SWIFT_VERSION = 5.0;
				TARGETED_DEVICE_FAMILY = "1,2";
			};
			name = Debug;
		};
		4B7DB80B27B42A5A003B5C95 /* Release */ = {
			isa = XCBuildConfiguration;
			buildSettings = {
				ASSETCATALOG_COMPILER_APPICON_NAME = AppIcon;
				ASSETCATALOG_COMPILER_GLOBAL_ACCENT_COLOR_NAME = AccentColor;
				CODE_SIGN_STYLE = Automatic;
				CURRENT_PROJECT_VERSION = 1;
				DEVELOPMENT_TEAM = FVZ5PWG6VV;
				GENERATE_INFOPLIST_FILE = YES;
				INFOPLIST_FILE = CustomKeyboardMock/Info.plist;
				INFOPLIST_KEY_UIApplicationSupportsIndirectInputEvents = YES;
				INFOPLIST_KEY_UILaunchStoryboardName = LaunchScreen;
				INFOPLIST_KEY_UIMainStoryboardFile = Main;
				INFOPLIST_KEY_UISupportedInterfaceOrientations_iPad = "UIInterfaceOrientationPortrait UIInterfaceOrientationPortraitUpsideDown UIInterfaceOrientationLandscapeLeft UIInterfaceOrientationLandscapeRight";
				INFOPLIST_KEY_UISupportedInterfaceOrientations_iPhone = "UIInterfaceOrientationPortrait UIInterfaceOrientationLandscapeLeft UIInterfaceOrientationLandscapeRight";
				LD_RUNPATH_SEARCH_PATHS = (
					"$(inherited)",
					"@executable_path/Frameworks",
				);
				MARKETING_VERSION = 1.0;
				PRODUCT_BUNDLE_IDENTIFIER = com.visal.lk.CustomKeyboardMock;
				PRODUCT_NAME = "$(TARGET_NAME)";
				SWIFT_EMIT_LOC_STRINGS = YES;
				SWIFT_VERSION = 5.0;
				TARGETED_DEVICE_FAMILY = "1,2";
			};
			name = Release;
		};
		4B7DB80D27B42A5A003B5C95 /* Debug */ = {
			isa = XCBuildConfiguration;
			buildSettings = {
				ALWAYS_EMBED_SWIFT_STANDARD_LIBRARIES = YES;
				BUNDLE_LOADER = "$(TEST_HOST)";
				CODE_SIGN_STYLE = Automatic;
				CURRENT_PROJECT_VERSION = 1;
				DEVELOPMENT_TEAM = FVZ5PWG6VV;
				GENERATE_INFOPLIST_FILE = YES;
				IPHONEOS_DEPLOYMENT_TARGET = 15.0;
				LD_RUNPATH_SEARCH_PATHS = (
					"$(inherited)",
					"@executable_path/Frameworks",
					"@loader_path/Frameworks",
				);
				MARKETING_VERSION = 1.0;
				PRODUCT_BUNDLE_IDENTIFIER = com.visal.lk.CustomKeyboardMockTests;
				PRODUCT_NAME = "$(TARGET_NAME)";
				SWIFT_EMIT_LOC_STRINGS = NO;
				SWIFT_VERSION = 5.0;
				TARGETED_DEVICE_FAMILY = "1,2";
				TEST_HOST = "$(BUILT_PRODUCTS_DIR)/CustomKeyboardMock.app/CustomKeyboardMock";
			};
			name = Debug;
		};
		4B7DB80E27B42A5A003B5C95 /* Release */ = {
			isa = XCBuildConfiguration;
			buildSettings = {
				ALWAYS_EMBED_SWIFT_STANDARD_LIBRARIES = YES;
				BUNDLE_LOADER = "$(TEST_HOST)";
				CODE_SIGN_STYLE = Automatic;
				CURRENT_PROJECT_VERSION = 1;
				DEVELOPMENT_TEAM = FVZ5PWG6VV;
				GENERATE_INFOPLIST_FILE = YES;
				IPHONEOS_DEPLOYMENT_TARGET = 15.0;
				LD_RUNPATH_SEARCH_PATHS = (
					"$(inherited)",
					"@executable_path/Frameworks",
					"@loader_path/Frameworks",
				);
				MARKETING_VERSION = 1.0;
				PRODUCT_BUNDLE_IDENTIFIER = com.visal.lk.CustomKeyboardMockTests;
				PRODUCT_NAME = "$(TARGET_NAME)";
				SWIFT_EMIT_LOC_STRINGS = NO;
				SWIFT_VERSION = 5.0;
				TARGETED_DEVICE_FAMILY = "1,2";
				TEST_HOST = "$(BUILT_PRODUCTS_DIR)/CustomKeyboardMock.app/CustomKeyboardMock";
			};
			name = Release;
		};
		4B7DB81027B42A5A003B5C95 /* Debug */ = {
			isa = XCBuildConfiguration;
			buildSettings = {
				ALWAYS_EMBED_SWIFT_STANDARD_LIBRARIES = YES;
				CODE_SIGN_STYLE = Automatic;
				CURRENT_PROJECT_VERSION = 1;
				DEVELOPMENT_TEAM = FVZ5PWG6VV;
				GENERATE_INFOPLIST_FILE = YES;
				LD_RUNPATH_SEARCH_PATHS = (
					"$(inherited)",
					"@executable_path/Frameworks",
					"@loader_path/Frameworks",
				);
				MARKETING_VERSION = 1.0;
				PRODUCT_BUNDLE_IDENTIFIER = com.visal.lk.CustomKeyboardMockUITests;
				PRODUCT_NAME = "$(TARGET_NAME)";
				SWIFT_EMIT_LOC_STRINGS = NO;
				SWIFT_VERSION = 5.0;
				TARGETED_DEVICE_FAMILY = "1,2";
				TEST_TARGET_NAME = CustomKeyboardMock;
			};
			name = Debug;
		};
		4B7DB81127B42A5A003B5C95 /* Release */ = {
			isa = XCBuildConfiguration;
			buildSettings = {
				ALWAYS_EMBED_SWIFT_STANDARD_LIBRARIES = YES;
				CODE_SIGN_STYLE = Automatic;
				CURRENT_PROJECT_VERSION = 1;
				DEVELOPMENT_TEAM = FVZ5PWG6VV;
				GENERATE_INFOPLIST_FILE = YES;
				LD_RUNPATH_SEARCH_PATHS = (
					"$(inherited)",
					"@executable_path/Frameworks",
					"@loader_path/Frameworks",
				);
				MARKETING_VERSION = 1.0;
				PRODUCT_BUNDLE_IDENTIFIER = com.visal.lk.CustomKeyboardMockUITests;
				PRODUCT_NAME = "$(TARGET_NAME)";
				SWIFT_EMIT_LOC_STRINGS = NO;
				SWIFT_VERSION = 5.0;
				TARGETED_DEVICE_FAMILY = "1,2";
				TEST_TARGET_NAME = CustomKeyboardMock;
			};
			name = Release;
		};
/* End XCBuildConfiguration section */

/* Begin XCConfigurationList section */
		4B7DB7DA27B42A57003B5C95 /* Build configuration list for PBXProject "CustomKeyboardMock" */ = {
			isa = XCConfigurationList;
			buildConfigurations = (
				4B7DB80727B42A5A003B5C95 /* Debug */,
				4B7DB80827B42A5A003B5C95 /* Release */,
			);
			defaultConfigurationIsVisible = 0;
			defaultConfigurationName = Release;
		};
		4B7DB80927B42A5A003B5C95 /* Build configuration list for PBXNativeTarget "CustomKeyboardMock" */ = {
			isa = XCConfigurationList;
			buildConfigurations = (
				4B7DB80A27B42A5A003B5C95 /* Debug */,
				4B7DB80B27B42A5A003B5C95 /* Release */,
			);
			defaultConfigurationIsVisible = 0;
			defaultConfigurationName = Release;
		};
		4B7DB80C27B42A5A003B5C95 /* Build configuration list for PBXNativeTarget "CustomKeyboardMockTests" */ = {
			isa = XCConfigurationList;
			buildConfigurations = (
				4B7DB80D27B42A5A003B5C95 /* Debug */,
				4B7DB80E27B42A5A003B5C95 /* Release */,
			);
			defaultConfigurationIsVisible = 0;
			defaultConfigurationName = Release;
		};
		4B7DB80F27B42A5A003B5C95 /* Build configuration list for PBXNativeTarget "CustomKeyboardMockUITests" */ = {
			isa = XCConfigurationList;
			buildConfigurations = (
				4B7DB81027B42A5A003B5C95 /* Debug */,
				4B7DB81127B42A5A003B5C95 /* Release */,
			);
			defaultConfigurationIsVisible = 0;
			defaultConfigurationName = Release;
		};
/* End XCConfigurationList section */
	};
	rootObject = 4B7DB7D727B42A57003B5C95 /* Project object */;
}
