// !$*UTF8*$!
{
	archiveVersion = 1;
	classes = {
	};
	objectVersion = 55;
	objects = {

/* Begin PBXBuildFile section */
		4B7DB7E327B42A57003B5C95 /* AppDelegate.swift in Sources */ = {isa = PBXBuildFile; fileRef = 4B7DB7E227B42A57003B5C95 /* AppDelegate.swift */; };
		4B7DB7E527B42A57003B5C95 /* SceneDelegate.swift in Sources */ = {isa = PBXBuildFile; fileRef = 4B7DB7E427B42A57003B5C95 /* SceneDelegate.swift */; };
		4B7DB7E727B42A57003B5C95 /* ViewController.swift in Sources */ = {isa = PBXBuildFile; fileRef = 4B7DB7E627B42A57003B5C95 /* ViewController.swift */; };
		4B7DB7EA27B42A57003B5C95 /* Main.storyboard in Resources */ = {isa = PBXBuildFile; fileRef = 4B7DB7E827B42A57003B5C95 /* Main.storyboard */; };
		4B7DB7EC27B42A59003B5C95 /* Assets.xcassets in Resources */ = {isa = PBXBuildFile; fileRef = 4B7DB7EB27B42A59003B5C95 /* Assets.xcassets */; };
		4B7DB7EF27B42A59003B5C95 /* LaunchScreen.storyboard in Resources */ = {isa = PBXBuildFile; fileRef = 4B7DB7ED27B42A59003B5C95 /* LaunchScreen.storyboard */; };
		4B7DB81827B42CCD003B5C95 /* Documentation.docc in Sources */ = {isa = PBXBuildFile; fileRef = 4B7DB81727B42CCD003B5C95 /* Documentation.docc */; };
		4B7DB81A27B4305E003B5C95 /* CustomKeyboard.swift in Sources */ = {isa = PBXBuildFile; fileRef = 4B7DB81927B4305E003B5C95 /* CustomKeyboard.swift */; };
		4B7DB81D27B4311E003B5C95 /* CustomKeyboard.xib in Resources */ = {isa = PBXBuildFile; fileRef = 4B7DB81C27B4311E003B5C95 /* CustomKeyboard.xib */; };
/* End PBXBuildFile section */

/* Begin PBXFileReference section */
		4B7DB7DF27B42A57003B5C95 /* CustomKeyboardMock.app */ = {isa = PBXFileReference; explicitFileType = wrapper.application; includeInIndex = 0; path = CustomKeyboardMock.app; sourceTree = BUILT_PRODUCTS_DIR; };
		4B7DB7E227B42A57003B5C95 /* AppDelegate.swift */ = {isa = PBXFileReference; lastKnownFileType = sourcecode.swift; path = AppDelegate.swift; sourceTree = "<group>"; };
		4B7DB7E427B42A57003B5C95 /* SceneDelegate.swift */ = {isa = PBXFileReference; lastKnownFileType = sourcecode.swift; path = SceneDelegate.swift; sourceTree = "<group>"; };
		4B7DB7E627B42A57003B5C95 /* ViewController.swift */ = {isa = PBXFileReference; lastKnownFileType = sourcecode.swift; path = ViewController.swift; sourceTree = "<group>"; };
		4B7DB7E927B42A57003B5C95 /* Base */ = {isa = PBXFileReference; lastKnownFileType = file.storyboard; name = Base; path = Base.lproj/Main.storyboard; sourceTree = "<group>"; };
		4B7DB7EB27B42A59003B5C95 /* Assets.xcassets */ = {isa = PBXFileReference; lastKnownFileType = folder.assetcatalog; path = Assets.xcassets; sourceTree = "<group>"; };
		4B7DB7EE27B42A59003B5C95 /* Base */ = {isa = PBXFileReference; lastKnownFileType = file.storyboard; name = Base; path = Base.lproj/LaunchScreen.storyboard; sourceTree = "<group>"; };
		4B7DB7F027B42A59003B5C95 /* Info.plist */ = {isa = PBXFileReference; lastKnownFileType = text.plist.xml; path = Info.plist; sourceTree = "<group>"; };
		4B7DB81727B42CCD003B5C95 /* Documentation.docc */ = {isa = PBXFileReference; lastKnownFileType = folder.documentationcatalog; path = Documentation.docc; sourceTree = "<group>"; };
		4B7DB81927B4305E003B5C95 /* CustomKeyboard.swift */ = {isa = PBXFileReference; lastKnownFileType = sourcecode.swift; path = CustomKeyboard.swift; sourceTree = "<group>"; };
		4B7DB81C27B4311E003B5C95 /* CustomKeyboard.xib */ = {isa = PBXFileReference; lastKnownFileType = file.xib; path = CustomKeyboard.xib; sourceTree = "<group>"; };
/* End PBXFileReference section */

/* Begin PBXFrameworksBuildPhase section */
		4B7DB7DC27B42A57003B5C95 /* Frameworks */ = {
			isa = PBXFrameworksBuildPhase;
			buildActionMask = 2147483647;
			files = (
			);
			runOnlyForDeploymentPostprocessing = 0;
		};
/* End PBXFrameworksBuildPhase section */

/* Begin PBXGroup section */
		4B7DB7D627B42A57003B5C95 = {
			isa = PBXGroup;
			children = (
				4B7DB81727B42CCD003B5C95 /* Documentation.docc */,
				4B7DB7E127B42A57003B5C95 /* CustomKeyboardMock */,
				4B7DB7E027B42A57003B5C95 /* Products */,
			);
			sourceTree = "<group>";
		};
		4B7DB7E027B42A57003B5C95 /* Products */ = {
			isa = PBXGroup;
			children = (
				4B7DB7DF27B42A57003B5C95 /* CustomKeyboardMock.app */,
			);
			name = Products;
			sourceTree = "<group>";
		};
		4B7DB7E127B42A57003B5C95 /* CustomKeyboardMock */ = {
			isa = PBXGroup;
			children = (
				4B7DB81F27B433D4003B5C95 /* Extensions */,
				4B7DB81227B42B53003B5C95 /* App */,
				4B7DB81327B42B81003B5C95 /* Controllers */,
				4B7DB81427B42B9C003B5C95 /* Views */,
				4B7DB81527B42BAB003B5C95 /* Assets */,
				4B7DB7F027B42A59003B5C95 /* Info.plist */,
			);
			path = CustomKeyboardMock;
			sourceTree = "<group>";
		};
		4B7DB81227B42B53003B5C95 /* App */ = {
			isa = PBXGroup;
			children = (
				4B7DB7E227B42A57003B5C95 /* AppDelegate.swift */,
				4B7DB7E427B42A57003B5C95 /* SceneDelegate.swift */,
			);
			path = App;
			sourceTree = "<group>";
		};
		4B7DB81327B42B81003B5C95 /* Controllers */ = {
			isa = PBXGroup;
			children = (
				4B7DB7E627B42A57003B5C95 /* ViewController.swift */,
			);
			path = Controllers;
			sourceTree = "<group>";
		};
		4B7DB81427B42B9C003B5C95 /* Views */ = {
			isa = PBXGroup;
			children = (
				4B7DB7E827B42A57003B5C95 /* Main.storyboard */,
				4B7DB7ED27B42A59003B5C95 /* LaunchScreen.storyboard */,
				4B7DB81B27B43065003B5C95 /* Reusables */,
			);
			path = Views;
			sourceTree = "<group>";
		};
		4B7DB81527B42BAB003B5C95 /* Assets */ = {
			isa = PBXGroup;
			children = (
				4B7DB7EB27B42A59003B5C95 /* Assets.xcassets */,
			);
			path = Assets;
			sourceTree = "<group>";
		};
		4B7DB81B27B43065003B5C95 /* Reusables */ = {
			isa = PBXGroup;
			children = (
				4B7DB81E27B432E6003B5C95 /* CustomKeyboard */,
			);
			path = Reusables;
			sourceTree = "<group>";
		};
		4B7DB81E27B432E6003B5C95 /* CustomKeyboard */ = {
			isa = PBXGroup;
			children = (
				4B7DB81927B4305E003B5C95 /* CustomKeyboard.swift */,
				4B7DB81C27B4311E003B5C95 /* CustomKeyboard.xib */,
			);
			path = CustomKeyboard;
			sourceTree = "<group>";
		};
		4B7DB81F27B433D4003B5C95 /* Extensions */ = {
			isa = PBXGroup;
			children = (
			);
			path = Extensions;
			sourceTree = "<group>";
		};
/* End PBXGroup section */

/* Begin PBXNativeTarget section */
		4B7DB7DE27B42A57003B5C95 /* CustomKeyboardMock */ = {
			isa = PBXNativeTarget;
			buildConfigurationList = 4B7DB80927B42A5A003B5C95 /* Build configuration list for PBXNativeTarget "CustomKeyboardMock" */;
			buildPhases = (
				4B7DB7DB27B42A57003B5C95 /* Sources */,
				4B7DB7DC27B42A57003B5C95 /* Frameworks */,
				4B7DB7DD27B42A57003B5C95 /* Resources */,
			);
			buildRules = (
			);
			dependencies = (
			);
			name = CustomKeyboardMock;
			productName = CustomKeyboardMock;
			productReference = 4B7DB7DF27B42A57003B5C95 /* CustomKeyboardMock.app */;
			productType = "com.apple.product-type.application";
		};
/* End PBXNativeTarget section */

/* Begin PBXProject section */
		4B7DB7D727B42A57003B5C95 /* Project object */ = {
			isa = PBXProject;
			attributes = {
				BuildIndependentTargetsInParallel = 1;
				LastSwiftUpdateCheck = 1300;
				LastUpgradeCheck = 1300;
				TargetAttributes = {
					4B7DB7DE27B42A57003B5C95 = {
						CreatedOnToolsVersion = 13.0;
					};
				};
			};
			buildConfigurationList = 4B7DB7DA27B42A57003B5C95 /* Build configuration list for PBXProject "CustomKeyboardMock" */;
			compatibilityVersion = "Xcode 13.0";
			developmentRegion = en;
			hasScannedForEncodings = 0;
			knownRegions = (
				en,
				Base,
			);
			mainGroup = 4B7DB7D627B42A57003B5C95;
			productRefGroup = 4B7DB7E027B42A57003B5C95 /* Products */;
			projectDirPath = "";
			projectRoot = "";
			targets = (
				4B7DB7DE27B42A57003B5C95 /* CustomKeyboardMock */,
			);
		};
/* End PBXProject section */

/* Begin PBXResourcesBuildPhase section */
		4B7DB7DD27B42A57003B5C95 /* Resources */ = {
			isa = PBXResourcesBuildPhase;
			buildActionMask = 2147483647;
			files = (
				4B7DB7EF27B42A59003B5C95 /* LaunchScreen.storyboard in Resources */,
				4B7DB7EC27B42A59003B5C95 /* Assets.xcassets in Resources */,
				4B7DB7EA27B42A57003B5C95 /* Main.storyboard in Resources */,
				4B7DB81D27B4311E003B5C95 /* CustomKeyboard.xib in Resources */,
			);
			runOnlyForDeploymentPostprocessing = 0;
		};
/* End PBXResourcesBuildPhase section */

/* Begin PBXSourcesBuildPhase section */
		4B7DB7DB27B42A57003B5C95 /* Sources */ = {
			isa = PBXSourcesBuildPhase;
			buildActionMask = 2147483647;
			files = (
				4B7DB7E727B42A57003B5C95 /* ViewController.swift in Sources */,
				4B7DB81A27B4305E003B5C95 /* CustomKeyboard.swift in Sources */,
				4B7DB7E327B42A57003B5C95 /* AppDelegate.swift in Sources */,
				4B7DB7E527B42A57003B5C95 /* SceneDelegate.swift in Sources */,
				4B7DB81827B42CCD003B5C95 /* Documentation.docc in Sources */,
			);
			runOnlyForDeploymentPostprocessing = 0;
		};
/* End PBXSourcesBuildPhase section */

/* Begin PBXVariantGroup section */
		4B7DB7E827B42A57003B5C95 /* Main.storyboard */ = {
			isa = PBXVariantGroup;
			children = (
				4B7DB7E927B42A57003B5C95 /* Base */,
			);
			name = Main.storyboard;
			sourceTree = "<group>";
		};
		4B7DB7ED27B42A59003B5C95 /* LaunchScreen.storyboard */ = {
			isa = PBXVariantGroup;
			children = (
				4B7DB7EE27B42A59003B5C95 /* Base */,
			);
			name = LaunchScreen.storyboard;
			sourceTree = "<group>";
		};
/* End PBXVariantGroup section */

/* Begin XCBuildConfiguration section */
		4B7DB80727B42A5A003B5C95 /* Debug */ = {
			isa = XCBuildConfiguration;
			buildSettings = {
				ALWAYS_SEARCH_USER_PATHS = NO;
				CLANG_ANALYZER_NONNULL = YES;
				CLANG_ANALYZER_NUMBER_OBJECT_CONVERSION = YES_AGGRESSIVE;
				CLANG_CXX_LANGUAGE_STANDARD = "gnu++17";
				CLANG_CXX_LIBRARY = "libc++";
				CLANG_ENABLE_MODULES = YES;
				CLANG_ENABLE_OBJC_ARC = YES;
				CLANG_ENABLE_OBJC_WEAK = YES;
				CLANG_WARN_BLOCK_CAPTURE_AUTORELEASING = YES;
				CLANG_WARN_BOOL_CONVERSION = YES;
				CLANG_WARN_COMMA = YES;
				CLANG_WARN_CONSTANT_CONVERSION = YES;
				CLANG_WARN_DEPRECATED_OBJC_IMPLEMENTATIONS = YES;
				CLANG_WARN_DIRECT_OBJC_ISA_USAGE = YES_ERROR;
				CLANG_WARN_DOCUMENTATION_COMMENTS = YES;
				CLANG_WARN_EMPTY_BODY = YES;
				CLANG_WARN_ENUM_CONVERSION = YES;
				CLANG_WARN_INFINITE_RECURSION = YES;
				CLANG_WARN_INT_CONVERSION = YES;
				CLANG_WARN_NON_LITERAL_NULL_CONVERSION = YES;
				CLANG_WARN_OBJC_IMPLICIT_RETAIN_SELF = YES;
				CLANG_WARN_OBJC_LITERAL_CONVERSION = YES;
				CLANG_WARN_OBJC_ROOT_CLASS = YES_ERROR;
				CLANG_WARN_QUOTED_INCLUDE_IN_FRAMEWORK_HEADER = YES;
				CLANG_WARN_RANGE_LOOP_ANALYSIS = YES;
				CLANG_WARN_STRICT_PROTOTYPES = YES;
				CLANG_WARN_SUSPICIOUS_MOVE = YES;
				CLANG_WARN_UNGUARDED_AVAILABILITY = YES_AGGRESSIVE;
				CLANG_WARN_UNREACHABLE_CODE = YES;
				CLANG_WARN__DUPLICATE_METHOD_MATCH = YES;
				COPY_PHASE_STRIP = NO;
				DEBUG_INFORMATION_FORMAT = dwarf;
				ENABLE_STRICT_OBJC_MSGSEND = YES;
				ENABLE_TESTABILITY = YES;
				GCC_C_LANGUAGE_STANDARD = gnu11;
				GCC_DYNAMIC_NO_PIC = NO;
				GCC_NO_COMMON_BLOCKS = YES;
				GCC_OPTIMIZATION_LEVEL = 0;
				GCC_PREPROCESSOR_DEFINITIONS = (
					"DEBUG=1",
					"$(inherited)",
				);
				GCC_WARN_64_TO_32_BIT_CONVERSION = YES;
				GCC_WARN_ABOUT_RETURN_TYPE = YES_ERROR;
				GCC_WARN_UNDECLARED_SELECTOR = YES;
				GCC_WARN_UNINITIALIZED_AUTOS = YES_AGGRESSIVE;
				GCC_WARN_UNUSED_FUNCTION = YES;
				GCC_WARN_UNUSED_VARIABLE = YES;
				IPHONEOS_DEPLOYMENT_TARGET = 15.0;
				MTL_ENABLE_DEBUG_INFO = INCLUDE_SOURCE;
				MTL_FAST_MATH = YES;
				ONLY_ACTIVE_ARCH = YES;
				SDKROOT = iphoneos;
				SWIFT_ACTIVE_COMPILATION_CONDITIONS = DEBUG;
				SWIFT_OPTIMIZATION_LEVEL = "-Onone";
			};
			name = Debug;
		};
		4B7DB80827B42A5A003B5C95 /* Release */ = {
			isa = XCBuildConfiguration;
			buildSettings = {
				ALWAYS_SEARCH_USER_PATHS = NO;
				CLANG_ANALYZER_NONNULL = YES;
				CLANG_ANALYZER_NUMBER_OBJECT_CONVERSION = YES_AGGRESSIVE;
				CLANG_CXX_LANGUAGE_STANDARD = "gnu++17";
				CLANG_CXX_LIBRARY = "libc++";
				CLANG_ENABLE_MODULES = YES;
				CLANG_ENABLE_OBJC_ARC = YES;
				CLANG_ENABLE_OBJC_WEAK = YES;
				CLANG_WARN_BLOCK_CAPTURE_AUTORELEASING = YES;
				CLANG_WARN_BOOL_CONVERSION = YES;
				CLANG_WARN_COMMA = YES;
				CLANG_WARN_CONSTANT_CONVERSION = YES;
				CLANG_WARN_DEPRECATED_OBJC_IMPLEMENTATIONS = YES;
				CLANG_WARN_DIRECT_OBJC_ISA_USAGE = YES_ERROR;
				CLANG_WARN_DOCUMENTATION_COMMENTS = YES;
				CLANG_WARN_EMPTY_BODY = YES;
				CLANG_WARN_ENUM_CONVERSION = YES;
				CLANG_WARN_INFINITE_RECURSION = YES;
				CLANG_WARN_INT_CONVERSION = YES;
				CLANG_WARN_NON_LITERAL_NULL_CONVERSION = YES;
				CLANG_WARN_OBJC_IMPLICIT_RETAIN_SELF = YES;
				CLANG_WARN_OBJC_LITERAL_CONVERSION = YES;
				CLANG_WARN_OBJC_ROOT_CLASS = YES_ERROR;
				CLANG_WARN_QUOTED_INCLUDE_IN_FRAMEWORK_HEADER = YES;
				CLANG_WARN_RANGE_LOOP_ANALYSIS = YES;
				CLANG_WARN_STRICT_PROTOTYPES = YES;
				CLANG_WARN_SUSPICIOUS_MOVE = YES;
				CLANG_WARN_UNGUARDED_AVAILABILITY = YES_AGGRESSIVE;
				CLANG_WARN_UNREACHABLE_CODE = YES;
				CLANG_WARN__DUPLICATE_METHOD_MATCH = YES;
				COPY_PHASE_STRIP = NO;
				DEBUG_INFORMATION_FORMAT = "dwarf-with-dsym";
				ENABLE_NS_ASSERTIONS = NO;
				ENABLE_STRICT_OBJC_MSGSEND = YES;
				GCC_C_LANGUAGE_STANDARD = gnu11;
				GCC_NO_COMMON_BLOCKS = YES;
				GCC_WARN_64_TO_32_BIT_CONVERSION = YES;
				GCC_WARN_ABOUT_RETURN_TYPE = YES_ERROR;
				GCC_WARN_UNDECLARED_SELECTOR = YES;
				GCC_WARN_UNINITIALIZED_AUTOS = YES_AGGRESSIVE;
				GCC_WARN_UNUSED_FUNCTION = YES;
				GCC_WARN_UNUSED_VARIABLE = YES;
				IPHONEOS_DEPLOYMENT_TARGET = 15.0;
				MTL_ENABLE_DEBUG_INFO = NO;
				MTL_FAST_MATH = YES;
				SDKROOT = iphoneos;
				SWIFT_COMPILATION_MODE = wholemodule;
				SWIFT_OPTIMIZATION_LEVEL = "-O";
				VALIDATE_PRODUCT = YES;
			};
			name = Release;
		};
		4B7DB80A27B42A5A003B5C95 /* Debug */ = {
			isa = XCBuildConfiguration;
			buildSettings = {
				ASSETCATALOG_COMPILER_APPICON_NAME = AppIcon;
				ASSETCATALOG_COMPILER_GLOBAL_ACCENT_COLOR_NAME = AccentColor;
				CODE_SIGN_STYLE = Automatic;
				CURRENT_PROJECT_VERSION = 1;
				DEVELOPMENT_TEAM = FVZ5PWG6VV;
				GENERATE_INFOPLIST_FILE = YES;
				INFOPLIST_FILE = CustomKeyboardMock/Info.plist;
				INFOPLIST_KEY_UIApplicationSupportsIndirectInputEvents = YES;
				INFOPLIST_KEY_UILaunchStoryboardName = LaunchScreen;
				INFOPLIST_KEY_UIMainStoryboardFile = Main;
				INFOPLIST_KEY_UISupportedInterfaceOrientations_iPad = "UIInterfaceOrientationPortrait UIInterfaceOrientationPortraitUpsideDown UIInterfaceOrientationLandscapeLeft UIInterfaceOrientationLandscapeRight";
				INFOPLIST_KEY_UISupportedInterfaceOrientations_iPhone = "UIInterfaceOrientationPortrait UIInterfaceOrientationLandscapeLeft UIInterfaceOrientationLandscapeRight";
				LD_RUNPATH_SEARCH_PATHS = (
					"$(inherited)",
					"@executable_path/Frameworks",
				);
				MARKETING_VERSION = 1.0;
				PRODUCT_BUNDLE_IDENTIFIER = com.visal.lk.CustomKeyboardMock;
				PRODUCT_NAME = "$(TARGET_NAME)";
				SWIFT_EMIT_LOC_STRINGS = YES;
				SWIFT_VERSION = 5.0;
				TARGETED_DEVICE_FAMILY = "1,2";
			};
			name = Debug;
		};
		4B7DB80B27B42A5A003B5C95 /* Release */ = {
			isa = XCBuildConfiguration;
			buildSettings = {
				ASSETCATALOG_COMPILER_APPICON_NAME = AppIcon;
				ASSETCATALOG_COMPILER_GLOBAL_ACCENT_COLOR_NAME = AccentColor;
				CODE_SIGN_STYLE = Automatic;
				CURRENT_PROJECT_VERSION = 1;
				DEVELOPMENT_TEAM = FVZ5PWG6VV;
				GENERATE_INFOPLIST_FILE = YES;
				INFOPLIST_FILE = CustomKeyboardMock/Info.plist;
				INFOPLIST_KEY_UIApplicationSupportsIndirectInputEvents = YES;
				INFOPLIST_KEY_UILaunchStoryboardName = LaunchScreen;
				INFOPLIST_KEY_UIMainStoryboardFile = Main;
				INFOPLIST_KEY_UISupportedInterfaceOrientations_iPad = "UIInterfaceOrientationPortrait UIInterfaceOrientationPortraitUpsideDown UIInterfaceOrientationLandscapeLeft UIInterfaceOrientationLandscapeRight";
				INFOPLIST_KEY_UISupportedInterfaceOrientations_iPhone = "UIInterfaceOrientationPortrait UIInterfaceOrientationLandscapeLeft UIInterfaceOrientationLandscapeRight";
				LD_RUNPATH_SEARCH_PATHS = (
					"$(inherited)",
					"@executable_path/Frameworks",
				);
				MARKETING_VERSION = 1.0;
				PRODUCT_BUNDLE_IDENTIFIER = com.visal.lk.CustomKeyboardMock;
				PRODUCT_NAME = "$(TARGET_NAME)";
				SWIFT_EMIT_LOC_STRINGS = YES;
				SWIFT_VERSION = 5.0;
				TARGETED_DEVICE_FAMILY = "1,2";
			};
			name = Release;
		};
/* End XCBuildConfiguration section */

/* Begin XCConfigurationList section */
		4B7DB7DA27B42A57003B5C95 /* Build configuration list for PBXProject "CustomKeyboardMock" */ = {
			isa = XCConfigurationList;
			buildConfigurations = (
				4B7DB80727B42A5A003B5C95 /* Debug */,
				4B7DB80827B42A5A003B5C95 /* Release */,
			);
			defaultConfigurationIsVisible = 0;
			defaultConfigurationName = Release;
		};
		4B7DB80927B42A5A003B5C95 /* Build configuration list for PBXNativeTarget "CustomKeyboardMock" */ = {
			isa = XCConfigurationList;
			buildConfigurations = (
				4B7DB80A27B42A5A003B5C95 /* Debug */,
				4B7DB80B27B42A5A003B5C95 /* Release */,
			);
			defaultConfigurationIsVisible = 0;
			defaultConfigurationName = Release;
		};
/* End XCConfigurationList section */
	};
	rootObject = 4B7DB7D727B42A57003B5C95 /* Project object */;
}
